
Microsoft Visual Studio Solution File, Format Version 12.00
Project("{FAE04EC0-301F-11D3-BF4B-00C04F79EFBC}") = "reversi-core", "reversi-core\reversi-core.csproj", "{44AE3C38-B1B3-4E12-BCDB-12D16CBDBDE1}"
EndProject
Project("{FAE04EC0-301F-11D3-BF4B-00C04F79EFBC}") = "reversi-tests", "reversi-tests\reversi-tests.csproj", "{0815DE92-809B-45DB-A196-4F41F38F36A2}"
EndProject
Project("{FAE04EC0-301F-11D3-BF4B-00C04F79EFBC}") = "reversi-client", "reversi-client\reversi-client.csproj", "{A912D801-B2F2-4A9E-89D9-8429DED5BC28}"
EndProject
Project("{FAE04EC0-301F-11D3-BF4B-00C04F79EFBC}") = "reversi-ai-client", "reversi-ai-client\reversi-ai-client.csproj", "{A2E557A4-CDE0-4727-AFDD-1664BB27D499}"
EndProject
Project("{FAE04EC0-301F-11D3-BF4B-00C04F79EFBC}") = "reversi-ai-tester", "reversi-ai-tester\reversi-ai-tester.csproj", "{795A2F64-4D21-43B7-9F02-70548C5A1C82}"
EndProject
Global
	GlobalSection(SolutionConfigurationPlatforms) = preSolution
		Debug|Any CPU = Debug|Any CPU
		Release|Any CPU = Release|Any CPU
	EndGlobalSection
	GlobalSection(ProjectConfigurationPlatforms) = postSolution
		{44AE3C38-B1B3-4E12-BCDB-12D16CBDBDE1}.Debug|Any CPU.ActiveCfg = Debug|Any CPU
		{44AE3C38-B1B3-4E12-BCDB-12D16CBDBDE1}.Debug|Any CPU.Build.0 = Debug|Any CPU
		{44AE3C38-B1B3-4E12-BCDB-12D16CBDBDE1}.Release|Any CPU.ActiveCfg = Release|Any CPU
		{44AE3C38-B1B3-4E12-BCDB-12D16CBDBDE1}.Release|Any CPU.Build.0 = Release|Any CPU
		{0815DE92-809B-45DB-A196-4F41F38F36A2}.Debug|Any CPU.ActiveCfg = Debug|Any CPU
		{0815DE92-809B-45DB-A196-4F41F38F36A2}.Debug|Any CPU.Build.0 = Debug|Any CPU
		{0815DE92-809B-45DB-A196-4F41F38F36A2}.Release|Any CPU.ActiveCfg = Release|Any CPU
		{0815DE92-809B-45DB-A196-4F41F38F36A2}.Release|Any CPU.Build.0 = Release|Any CPU
		{A912D801-B2F2-4A9E-89D9-8429DED5BC28}.Debug|Any CPU.ActiveCfg = Debug|Any CPU
		{A912D801-B2F2-4A9E-89D9-8429DED5BC28}.Debug|Any CPU.Build.0 = Debug|Any CPU
		{A912D801-B2F2-4A9E-89D9-8429DED5BC28}.Release|Any CPU.ActiveCfg = Release|Any CPU
		{A912D801-B2F2-4A9E-89D9-8429DED5BC28}.Release|Any CPU.Build.0 = Release|Any CPU
		{A2E557A4-CDE0-4727-AFDD-1664BB27D499}.Debug|Any CPU.ActiveCfg = Debug|Any CPU
		{A2E557A4-CDE0-4727-AFDD-1664BB27D499}.Debug|Any CPU.Build.0 = Debug|Any CPU
		{A2E557A4-CDE0-4727-AFDD-1664BB27D499}.Release|Any CPU.ActiveCfg = Release|Any CPU
		{A2E557A4-CDE0-4727-AFDD-1664BB27D499}.Release|Any CPU.Build.0 = Release|Any CPU
		{795A2F64-4D21-43B7-9F02-70548C5A1C82}.Debug|Any CPU.ActiveCfg = Debug|Any CPU
		{795A2F64-4D21-43B7-9F02-70548C5A1C82}.Debug|Any CPU.Build.0 = Debug|Any CPU
		{795A2F64-4D21-43B7-9F02-70548C5A1C82}.Release|Any CPU.ActiveCfg = Release|Any CPU
		{795A2F64-4D21-43B7-9F02-70548C5A1C82}.Release|Any CPU.Build.0 = Release|Any CPU
	EndGlobalSection
EndGlobal
